
Microsoft Visual Studio Solution File, Format Version 12.00
# Visual Studio Version 17
VisualStudioVersion = 17.8.34322.80
MinimumVisualStudioVersion = 10.0.40219.1
Project("{FAE04EC0-301F-11D3-BF4B-00C04F79EFBC}") = "ArcanoidGame", "ArcanoidGame\ArcanoidGame.csproj", "{47488296-EF02-4F09-A29B-701345E0284A}"
EndProject
Global
	GlobalSection(SolutionConfigurationPlatforms) = preSolution
		Debug|Any CPU = Debug|Any CPU
		Release|Any CPU = Release|Any CPU
	EndGlobalSection
	GlobalSection(ProjectConfigurationPlatforms) = postSolution
		{47488296-EF02-4F09-A29B-701345E0284A}.Debug|Any CPU.ActiveCfg = Debug|Any CPU
		{47488296-EF02-4F09-A29B-701345E0284A}.Debug|Any CPU.Build.0 = Debug|Any CPU
		{47488296-EF02-4F09-A29B-701345E0284A}.Release|Any CPU.ActiveCfg = Release|Any CPU
		{47488296-EF02-4F09-A29B-701345E0284A}.Release|Any CPU.Build.0 = Release|Any CPU
	EndGlobalSection
	GlobalSection(SolutionProperties) = preSolution
		HideSolutionNode = FALSE
	EndGlobalSection
	GlobalSection(ExtensibilityGlobals) = postSolution
		SolutionGuid = {1D6EFECF-D796-4777-9CC7-42ED6EEECA6B}
	EndGlobalSection
EndGlobal
